
Microsoft Visual Studio Solution File, Format Version 12.00
# Visual Studio Version 17
VisualStudioVersion = 17.11.35312.102
MinimumVisualStudioVersion = 10.0.40219.1
Project("{9A19103F-16F7-4668-BE54-9A1E7A4F7556}") = "Ta23ALõppTöö", "Ta23ALõppTöö.csproj", "{A212E889-7F99-4388-9FDF-84D473F82CDE}"
EndProject
Project("{FAE04EC0-301F-11D3-BF4B-00C04F79EFBC}") = "Ta23aLõppTöö.UnitTests", "..\UnitTests\Ta23aLõppTöö.UnitTests.csproj", "{37525C7E-A9EF-4ABE-B77C-C111327C2EA8}"
	ProjectSection(ProjectDependencies) = postProject
		{A212E889-7F99-4388-9FDF-84D473F82CDE} = {A212E889-7F99-4388-9FDF-84D473F82CDE}
	EndProjectSection
EndProject
Global
	GlobalSection(SolutionConfigurationPlatforms) = preSolution
		Debug|Any CPU = Debug|Any CPU
		Release|Any CPU = Release|Any CPU
	EndGlobalSection
	GlobalSection(ProjectConfigurationPlatforms) = postSolution
		{A212E889-7F99-4388-9FDF-84D473F82CDE}.Debug|Any CPU.ActiveCfg = Debug|Any CPU
		{A212E889-7F99-4388-9FDF-84D473F82CDE}.Debug|Any CPU.Build.0 = Debug|Any CPU
		{A212E889-7F99-4388-9FDF-84D473F82CDE}.Release|Any CPU.ActiveCfg = Release|Any CPU
		{A212E889-7F99-4388-9FDF-84D473F82CDE}.Release|Any CPU.Build.0 = Release|Any CPU
		{37525C7E-A9EF-4ABE-B77C-C111327C2EA8}.Debug|Any CPU.ActiveCfg = Debug|Any CPU
		{37525C7E-A9EF-4ABE-B77C-C111327C2EA8}.Debug|Any CPU.Build.0 = Debug|Any CPU
		{37525C7E-A9EF-4ABE-B77C-C111327C2EA8}.Release|Any CPU.ActiveCfg = Release|Any CPU
		{37525C7E-A9EF-4ABE-B77C-C111327C2EA8}.Release|Any CPU.Build.0 = Release|Any CPU
	EndGlobalSection
	GlobalSection(SolutionProperties) = preSolution
		HideSolutionNode = FALSE
	EndGlobalSection
	GlobalSection(ExtensibilityGlobals) = postSolution
		SolutionGuid = {4CD0542E-3757-4F8A-B958-9155E99A99A0}
	EndGlobalSection
EndGlobal
